
Microsoft Visual Studio Solution File, Format Version 12.00
# Visual Studio Version 17
VisualStudioVersion = 17.4.33205.214
MinimumVisualStudioVersion = 10.0.40219.1
Project("{9A19103F-16F7-4668-BE54-9A1E7A4F7556}") = "ApiGatewayTriggerLambda", "ApiGatewayTriggerLambda\ApiGatewayTriggerLambda.csproj", "{9B8EB7D1-F26C-4CA7-9836-2D8056B1CA31}"
EndProject
Project("{9A19103F-16F7-4668-BE54-9A1E7A4F7556}") = "ReadEnvironmentValueInLambda", "ReadEnvironmentValueInLambda\ReadEnvironmentValueInLambda.csproj", "{C32D244E-200D-42D5-846D-40A79D755CF2}"
EndProject
Project("{9A19103F-16F7-4668-BE54-9A1E7A4F7556}") = "AccessAWSByRoleCredential", "AccessAWSByRoleCredential\AccessAWSByRoleCredential.csproj", "{367CE7BA-3CC6-4706-8D08-BBBAE37BC77D}"
EndProject
Global
	GlobalSection(SolutionConfigurationPlatforms) = preSolution
		Debug|Any CPU = Debug|Any CPU
		Release|Any CPU = Release|Any CPU
	EndGlobalSection
	GlobalSection(ProjectConfigurationPlatforms) = postSolution
		{9B8EB7D1-F26C-4CA7-9836-2D8056B1CA31}.Debug|Any CPU.ActiveCfg = Debug|Any CPU
		{9B8EB7D1-F26C-4CA7-9836-2D8056B1CA31}.Debug|Any CPU.Build.0 = Debug|Any CPU
		{9B8EB7D1-F26C-4CA7-9836-2D8056B1CA31}.Release|Any CPU.ActiveCfg = Release|Any CPU
		{9B8EB7D1-F26C-4CA7-9836-2D8056B1CA31}.Release|Any CPU.Build.0 = Release|Any CPU
		{C32D244E-200D-42D5-846D-40A79D755CF2}.Debug|Any CPU.ActiveCfg = Debug|Any CPU
		{C32D244E-200D-42D5-846D-40A79D755CF2}.Debug|Any CPU.Build.0 = Debug|Any CPU
		{C32D244E-200D-42D5-846D-40A79D755CF2}.Release|Any CPU.ActiveCfg = Release|Any CPU
		{C32D244E-200D-42D5-846D-40A79D755CF2}.Release|Any CPU.Build.0 = Release|Any CPU
		{367CE7BA-3CC6-4706-8D08-BBBAE37BC77D}.Debug|Any CPU.ActiveCfg = Debug|Any CPU
		{367CE7BA-3CC6-4706-8D08-BBBAE37BC77D}.Debug|Any CPU.Build.0 = Debug|Any CPU
		{367CE7BA-3CC6-4706-8D08-BBBAE37BC77D}.Release|Any CPU.ActiveCfg = Release|Any CPU
		{367CE7BA-3CC6-4706-8D08-BBBAE37BC77D}.Release|Any CPU.Build.0 = Release|Any CPU
	EndGlobalSection
	GlobalSection(SolutionProperties) = preSolution
		HideSolutionNode = FALSE
	EndGlobalSection
	GlobalSection(ExtensibilityGlobals) = postSolution
		SolutionGuid = {12BFFFF2-9E22-4DC0-85BA-537FB8326082}
	EndGlobalSection
EndGlobal
